
Microsoft Visual Studio Solution File, Format Version 12.00
# Visual Studio 2013
VisualStudioVersion = 12.0.40629.0
MinimumVisualStudioVersion = 10.0.40219.1
Project("{FAE04EC0-301F-11D3-BF4B-00C04F79EFBC}") = "SERVER", "SERVER\SERVER.csproj", "{919AEB63-FE80-41F5-86DC-E7223D242DC9}"
EndProject
Global
	GlobalSection(SolutionConfigurationPlatforms) = preSolution
		Debug|Any CPU = Debug|Any CPU
		Release|Any CPU = Release|Any CPU
	EndGlobalSection
	GlobalSection(ProjectConfigurationPlatforms) = postSolution
		{919AEB63-FE80-41F5-86DC-E7223D242DC9}.Debug|Any CPU.ActiveCfg = Debug|Any CPU
		{919AEB63-FE80-41F5-86DC-E7223D242DC9}.Debug|Any CPU.Build.0 = Debug|Any CPU
		{919AEB63-FE80-41F5-86DC-E7223D242DC9}.Release|Any CPU.ActiveCfg = Release|Any CPU
		{919AEB63-FE80-41F5-86DC-E7223D242DC9}.Release|Any CPU.Build.0 = Release|Any CPU
	EndGlobalSection
	GlobalSection(SolutionProperties) = preSolution
		HideSolutionNode = FALSE
	EndGlobalSection
EndGlobal
